# This file was autogenerated by Stack.
# You should not edit this file by hand.
# For more information, please see the documentation at:
#   https://docs.haskellstack.org/en/stable/lock_files

packages:
- completed:
    hackage: X11-1.8@sha256:77d5880a95383b8631e4951e8f3c159d959109736429dcf0ab79f201d9c227c0,2728
    pantry-tree:
      size: 2762
      sha256: fa506e0edef501abcf35f39fe69ddbc7f330f3668e1c23087a07fbd4e4dc6e5d
  original:
    hackage: X11-1.8
- completed:
    hackage: X11-xft-0.3.1@sha256:3fc08ff4c419405f33905b160a1d405c60be801d3d1ace745ee5b7ca38531363,654
    pantry-tree:
      size: 325
      sha256: 107995822ae4183e9d9ef04b65d32b672b4a8f40e6f898d4094e4e2d5b564d85
  original:
    hackage: X11-xft-0.3.1
- completed:
    hackage: xmonad-0.13@sha256:5dba7f7f3bb5092fd9c7d8c3ee49ae2647fd6ec4009780c727027202072878d6,4043
    pantry-tree:
      size: 2473
      sha256: 4a39be3e11b31532a5af4e6b2e333e2180fb6983f6832bad63e4df8cc684c8d9
  original:
    hackage: xmonad-0.13
- completed:
    hackage: xmonad-contrib-0.13@sha256:1cb5740276a23dbbc45751c3e6a676862fd95c67fb20c5a586aa60efaba612f7,15069
    pantry-tree:
      size: 18449
      sha256: bd9cf3d707589e7503d190c20b2ff7199dfed9c9ffff709abdd500972d8f3621
  original:
    hackage: xmonad-contrib-0.13
- completed:
    hackage: gio-0.13.4.1@sha256:f14f81f2f1068ec18bb5b8164a5421c3da2743442210ec73bf9d9c095dfb41bd,3074
    pantry-tree:
      size: 2036
      sha256: 220439f23868523e5ea7a95a38f1f987ca362c1d1d7a54547984dba6e875f680
  original:
    hackage: gio-0.13.4.1
- completed:
    hackage: gtk-0.14.7@sha256:2b8669a3b7003d4ab906bc942d1c7ee783a0c3c6f54e9fb7c80b86df2fa35f14,16562
    pantry-tree:
      size: 21349
      sha256: 0f43fb4fac69cfd2262a5ae1b6eb82621f6327dd3d64dd9fdfccf36b458875cd
  original:
    hackage: gtk-0.14.7
- completed:
    hackage: gtk-traymanager-0.1.6@sha256:aea58be2b43bc26640c4fc4e9b4d58059f74921aea072e0c0c144f0b8ce1f6bd,1299
    pantry-tree:
      size: 654
      sha256: 81fd21281a876405d5dfc31f3f337ac11162b9c5dab23339c877a5ff6fde3b7e
  original:
    hackage: gtk-traymanager-0.1.6
- completed:
    hackage: rate-limit-1.4.0@sha256:f7f908e6138633e581c490cfc309e6a390541e0c57087d3da52db45e50cde146,943
    pantry-tree:
      size: 214
      sha256: de0e200f99c736ddc8d1695420062eda42022ee287de36420aea4a14399155b5
  original:
    hackage: rate-limit-1.4.0
- completed:
    hackage: time-1.6.0.1@sha256:492067e1b6973db9df64bf0bc851985dabea138d8a35414fe9ee6870b4702c66,4232
    pantry-tree:
      size: 4350
      sha256: ca87237ad8065079a9609385509cacb9444bb8c0f1ce2a70eacb88463dabe6fa
  original:
    hackage: time-1.6.0.1
- completed:
    hackage: time-units-1.0.0@sha256:27cf54091c4a0ca73d504fc11d5c31ab4041d17404fe3499945e2055697746c1,928
    pantry-tree:
      size: 212
      sha256: 9b516d4195fcea22cd1f4335cfe210e88deca397ba7dacc494d5a2feb69e1af8
  original:
    hackage: time-units-1.0.0
- completed:
    hackage: xml-helpers-1.0.0@sha256:3b0808db529fa362a67717c78a78a4728859f60f31e9213ae2d32720fbe053a1,610
    pantry-tree:
      size: 220
      sha256: 23e445f90ddb3c02c05125fb273045718fc0551509fe931ae8010a3a189ba215
  original:
    hackage: xml-helpers-1.0.0
- completed:
    hackage: directory-1.3.4.0@sha256:500019f04494324d1df16cf83eefeb3f809b2b20b32a32ccd755ee0439c18bfd,2829
    pantry-tree:
      size: 3365
      sha256: 00c09e0c014d29ebfb921b64c1459e61a0ad6f10e70128d795246a47c06394b0
  original:
    hackage: directory-1.3.4.0
- completed:
    hackage: unix-2.7.2.2@sha256:e69269a17b9fa26cb77f3f55e86c39d0a4940ccfa0c4bc20826919d2572076ad,3496
    pantry-tree:
      size: 3536
      sha256: c355f7924ce67e5bf8f20767462af18f09b8c0d1f7161117221cbb94c15deee3
  original:
    hackage: unix-2.7.2.2
- completed:
    hackage: process-1.6.5.1@sha256:77a9afeb676357f67fe5cf1ad79aca0745fb6f7fb96b786d510af08f622643f6,2468
    pantry-tree:
      size: 1211
      sha256: 19d944da6aa37944332e0726372288319852e5f72aa57dbc3516dc15e760a502
  original:
    hackage: process-1.6.5.1
snapshots:
- completed:
    size: 567342
    url: https://raw.githubusercontent.com/commercialhaskell/stackage-snapshots/master/lts/10/3.yaml
    sha256: b3d22b89ec630597ad007088e98aa1c8d04844b6c0f23970b513a2862e0b8f0a
  original: lts-10.3
